{
    "name": "derya",
    "version": "0.1.18",
    "lockfileVersion": 2,
    "requires": true,
    "packages": {
        "": {
            "version": "0.1.18",
            "license": "ISC",
            "dependencies": {
                "samara": "^0.1.11"
            },
            "devDependencies": {
                "@types/node": "^15.12.1",
                "typescript": "^4.3.2"
            }
        },
        "node_modules/@types/node": {
            "version": "15.14.1",
            "resolved": "https://registry.npmjs.org/@types/node/-/node-15.14.1.tgz",
            "integrity": "sha512-wF6hazbsnwaW3GhK4jFuw5NaLDQVRQ6pWQUGAUrJzxixFkTaODSiAKMPXuHwPEPkAKQWHAzj6uJ5h+3zU9gQxg==",
            "dev": true
        },
        "node_modules/samara": {
            "version": "0.1.11",
            "resolved": "https://registry.npmjs.org/samara/-/samara-0.1.11.tgz",
            "integrity": "sha512-CYLL/9OH+By0c6KboszF6M8w9d+uonUfFmXf4iW1NPDBw2PNqq9p40IA/+27/XjuZ9m/mDX0C4JlVU2Osad+AQ=="
        },
        "node_modules/typescript": {
            "version": "4.3.5",
            "resolved": "https://registry.npmjs.org/typescript/-/typescript-4.3.5.tgz",
            "integrity": "sha512-DqQgihaQ9cUrskJo9kIyW/+g0Vxsk8cDtZ52a3NGh0YNTfpUSArXSohyUGnvbPazEPLu398C0UxmKSOrPumUzA==",
            "dev": true,
            "bin": {
                "tsc": "bin/tsc",
                "tsserver": "bin/tsserver"
            },
            "engines": {
                "node": ">=4.2.0"
            }
        }
    },
    "dependencies": {
        "@types/node": {
            "version": "15.14.1",
            "resolved": "https://registry.npmjs.org/@types/node/-/node-15.14.1.tgz",
            "integrity": "sha512-wF6hazbsnwaW3GhK4jFuw5NaLDQVRQ6pWQUGAUrJzxixFkTaODSiAKMPXuHwPEPkAKQWHAzj6uJ5h+3zU9gQxg==",
            "dev": true
        },
        "samara": {
            "version": "0.1.11",
            "resolved": "https://registry.npmjs.org/samara/-/samara-0.1.11.tgz",
            "integrity": "sha512-CYLL/9OH+By0c6KboszF6M8w9d+uonUfFmXf4iW1NPDBw2PNqq9p40IA/+27/XjuZ9m/mDX0C4JlVU2Osad+AQ=="
        },
        "typescript": {
            "version": "4.3.5",
            "resolved": "https://registry.npmjs.org/typescript/-/typescript-4.3.5.tgz",
            "integrity": "sha512-DqQgihaQ9cUrskJo9kIyW/+g0Vxsk8cDtZ52a3NGh0YNTfpUSArXSohyUGnvbPazEPLu398C0UxmKSOrPumUzA==",
            "dev": true
        }
    }
}
