{
    "name": "derya",
    "version": "0.1.37",
    "lockfileVersion": 2,
    "requires": true,
    "packages": {
        "": {
            "version": "0.1.37",
            "license": "ISC",
            "dependencies": {
                "samara": "^0.1.16"
            },
            "devDependencies": {
                "@types/node": "^15.12.1",
                "typescript": "^4.3.2"
            }
        },
        "node_modules/@types/node": {
            "version": "15.14.9",
            "resolved": "https://registry.npmjs.org/@types/node/-/node-15.14.9.tgz",
            "integrity": "sha512-qjd88DrCxupx/kJD5yQgZdcYKZKSIGBVDIBE1/LTGcNm3d2Np/jxojkdePDdfnBHJc5W7vSMpbJ1aB7p/Py69A==",
            "dev": true
        },
        "node_modules/samara": {
            "version": "0.1.16",
            "resolved": "https://registry.npmjs.org/samara/-/samara-0.1.16.tgz",
            "integrity": "sha512-UhsD6NeEqq1vZb91HjeLRHbtSQzeuLd46wIuUQmfiOHVhBzHgtJST4V4Vg5JS4Q25kDaEZ0UobfB3uIwTKIpuA=="
        },
        "node_modules/typescript": {
            "version": "4.4.2",
            "resolved": "https://registry.npmjs.org/typescript/-/typescript-4.4.2.tgz",
            "integrity": "sha512-gzP+t5W4hdy4c+68bfcv0t400HVJMMd2+H9B7gae1nQlBzCqvrXX+6GL/b3GAgyTH966pzrZ70/fRjwAtZksSQ==",
            "dev": true,
            "bin": {
                "tsc": "bin/tsc",
                "tsserver": "bin/tsserver"
            },
            "engines": {
                "node": ">=4.2.0"
            }
        }
    },
    "dependencies": {
        "@types/node": {
            "version": "15.14.9",
            "resolved": "https://registry.npmjs.org/@types/node/-/node-15.14.9.tgz",
            "integrity": "sha512-qjd88DrCxupx/kJD5yQgZdcYKZKSIGBVDIBE1/LTGcNm3d2Np/jxojkdePDdfnBHJc5W7vSMpbJ1aB7p/Py69A==",
            "dev": true
        },
        "samara": {
            "version": "0.1.16",
            "resolved": "https://registry.npmjs.org/samara/-/samara-0.1.16.tgz",
            "integrity": "sha512-UhsD6NeEqq1vZb91HjeLRHbtSQzeuLd46wIuUQmfiOHVhBzHgtJST4V4Vg5JS4Q25kDaEZ0UobfB3uIwTKIpuA=="
        },
        "typescript": {
            "version": "4.4.2",
            "resolved": "https://registry.npmjs.org/typescript/-/typescript-4.4.2.tgz",
            "integrity": "sha512-gzP+t5W4hdy4c+68bfcv0t400HVJMMd2+H9B7gae1nQlBzCqvrXX+6GL/b3GAgyTH966pzrZ70/fRjwAtZksSQ==",
            "dev": true
        }
    }
}
